
Microsoft Visual Studio Solution File, Format Version 12.00
# Visual Studio 15
VisualStudioVersion = 15.0.28307.902
MinimumVisualStudioVersion = 10.0.40219.1
Project("{9A19103F-16F7-4668-BE54-9A1E7A4F7556}") = "TwoSum", "TwoSum\TwoSum.csproj", "{91AF7127-9CA2-4709-B923-DEC9CEE4259A}"
EndProject
Project("{9A19103F-16F7-4668-BE54-9A1E7A4F7556}") = "Utility", "Utility\Utility.csproj", "{512354D5-CB74-442C-880E-8822ADCAA5FA}"
EndProject
Project("{9A19103F-16F7-4668-BE54-9A1E7A4F7556}") = "3Sum", "3Sum\3Sum.csproj", "{0358E580-CA79-4C90-A5DF-B151E039C35D}"
EndProject
Project("{9A19103F-16F7-4668-BE54-9A1E7A4F7556}") = "3SumClosest", "3SumClosest\3SumClosest.csproj", "{75F7ED0B-EE85-496E-80F0-7FBE643639BC}"
EndProject
Project("{9A19103F-16F7-4668-BE54-9A1E7A4F7556}") = "Two Sum II - Input array is sorted", "Two Sum II - Input array is sorted\Two Sum II - Input array is sorted.csproj", "{3BFB8359-2D04-466C-9380-A1AD7250E406}"
EndProject
Project("{9A19103F-16F7-4668-BE54-9A1E7A4F7556}") = "4Sum", "4Sum\4Sum.csproj", "{E5A07447-06D9-46FC-B496-65912690FCD4}"
EndProject
Project("{9A19103F-16F7-4668-BE54-9A1E7A4F7556}") = "4Sum II", "4Sum II\4Sum II.csproj", "{24194D2D-E485-4288-91CB-7BD1C9848E53}"
EndProject
Project("{9A19103F-16F7-4668-BE54-9A1E7A4F7556}") = "2. Add Two Numbers", "2. Add Two Numbers\2. Add Two Numbers.csproj", "{CAA70755-6A9C-492B-899A-7634FB9DA987}"
EndProject
Project("{9A19103F-16F7-4668-BE54-9A1E7A4F7556}") = "67. Add Binary", "67. Add Binary\67. Add Binary.csproj", "{74932C07-F97D-4A4C-ABA2-55E57DA5DA9A}"
EndProject
Project("{9A19103F-16F7-4668-BE54-9A1E7A4F7556}") = "MultiThreadSummation", "MultiThreadSummation\MultiThreadSummation.csproj", "{48A352D4-80B1-4905-B9E3-D587866C2DB6}"
EndProject
Global
	GlobalSection(SolutionConfigurationPlatforms) = preSolution
		Debug|Any CPU = Debug|Any CPU
		Debug|x64 = Debug|x64
		Release|Any CPU = Release|Any CPU
		Release|x64 = Release|x64
	EndGlobalSection
	GlobalSection(ProjectConfigurationPlatforms) = postSolution
		{91AF7127-9CA2-4709-B923-DEC9CEE4259A}.Debug|Any CPU.ActiveCfg = Debug|Any CPU
		{91AF7127-9CA2-4709-B923-DEC9CEE4259A}.Debug|Any CPU.Build.0 = Debug|Any CPU
		{91AF7127-9CA2-4709-B923-DEC9CEE4259A}.Debug|x64.ActiveCfg = Debug|Any CPU
		{91AF7127-9CA2-4709-B923-DEC9CEE4259A}.Debug|x64.Build.0 = Debug|Any CPU
		{91AF7127-9CA2-4709-B923-DEC9CEE4259A}.Release|Any CPU.ActiveCfg = Release|Any CPU
		{91AF7127-9CA2-4709-B923-DEC9CEE4259A}.Release|Any CPU.Build.0 = Release|Any CPU
		{91AF7127-9CA2-4709-B923-DEC9CEE4259A}.Release|x64.ActiveCfg = Release|Any CPU
		{91AF7127-9CA2-4709-B923-DEC9CEE4259A}.Release|x64.Build.0 = Release|Any CPU
		{512354D5-CB74-442C-880E-8822ADCAA5FA}.Debug|Any CPU.ActiveCfg = Debug|Any CPU
		{512354D5-CB74-442C-880E-8822ADCAA5FA}.Debug|Any CPU.Build.0 = Debug|Any CPU
		{512354D5-CB74-442C-880E-8822ADCAA5FA}.Debug|x64.ActiveCfg = Debug|Any CPU
		{512354D5-CB74-442C-880E-8822ADCAA5FA}.Debug|x64.Build.0 = Debug|Any CPU
		{512354D5-CB74-442C-880E-8822ADCAA5FA}.Release|Any CPU.ActiveCfg = Release|Any CPU
		{512354D5-CB74-442C-880E-8822ADCAA5FA}.Release|Any CPU.Build.0 = Release|Any CPU
		{512354D5-CB74-442C-880E-8822ADCAA5FA}.Release|x64.ActiveCfg = Release|Any CPU
		{512354D5-CB74-442C-880E-8822ADCAA5FA}.Release|x64.Build.0 = Release|Any CPU
		{0358E580-CA79-4C90-A5DF-B151E039C35D}.Debug|Any CPU.ActiveCfg = Debug|Any CPU
		{0358E580-CA79-4C90-A5DF-B151E039C35D}.Debug|Any CPU.Build.0 = Debug|Any CPU
		{0358E580-CA79-4C90-A5DF-B151E039C35D}.Debug|x64.ActiveCfg = Debug|Any CPU
		{0358E580-CA79-4C90-A5DF-B151E039C35D}.Debug|x64.Build.0 = Debug|Any CPU
		{0358E580-CA79-4C90-A5DF-B151E039C35D}.Release|Any CPU.ActiveCfg = Release|Any CPU
		{0358E580-CA79-4C90-A5DF-B151E039C35D}.Release|Any CPU.Build.0 = Release|Any CPU
		{0358E580-CA79-4C90-A5DF-B151E039C35D}.Release|x64.ActiveCfg = Release|Any CPU
		{0358E580-CA79-4C90-A5DF-B151E039C35D}.Release|x64.Build.0 = Release|Any CPU
		{75F7ED0B-EE85-496E-80F0-7FBE643639BC}.Debug|Any CPU.ActiveCfg = Debug|Any CPU
		{75F7ED0B-EE85-496E-80F0-7FBE643639BC}.Debug|Any CPU.Build.0 = Debug|Any CPU
		{75F7ED0B-EE85-496E-80F0-7FBE643639BC}.Debug|x64.ActiveCfg = Debug|Any CPU
		{75F7ED0B-EE85-496E-80F0-7FBE643639BC}.Debug|x64.Build.0 = Debug|Any CPU
		{75F7ED0B-EE85-496E-80F0-7FBE643639BC}.Release|Any CPU.ActiveCfg = Release|Any CPU
		{75F7ED0B-EE85-496E-80F0-7FBE643639BC}.Release|Any CPU.Build.0 = Release|Any CPU
		{75F7ED0B-EE85-496E-80F0-7FBE643639BC}.Release|x64.ActiveCfg = Release|Any CPU
		{75F7ED0B-EE85-496E-80F0-7FBE643639BC}.Release|x64.Build.0 = Release|Any CPU
		{3BFB8359-2D04-466C-9380-A1AD7250E406}.Debug|Any CPU.ActiveCfg = Debug|Any CPU
		{3BFB8359-2D04-466C-9380-A1AD7250E406}.Debug|Any CPU.Build.0 = Debug|Any CPU
		{3BFB8359-2D04-466C-9380-A1AD7250E406}.Debug|x64.ActiveCfg = Debug|Any CPU
		{3BFB8359-2D04-466C-9380-A1AD7250E406}.Debug|x64.Build.0 = Debug|Any CPU
		{3BFB8359-2D04-466C-9380-A1AD7250E406}.Release|Any CPU.ActiveCfg = Release|Any CPU
		{3BFB8359-2D04-466C-9380-A1AD7250E406}.Release|Any CPU.Build.0 = Release|Any CPU
		{3BFB8359-2D04-466C-9380-A1AD7250E406}.Release|x64.ActiveCfg = Release|Any CPU
		{3BFB8359-2D04-466C-9380-A1AD7250E406}.Release|x64.Build.0 = Release|Any CPU
		{E5A07447-06D9-46FC-B496-65912690FCD4}.Debug|Any CPU.ActiveCfg = Debug|Any CPU
		{E5A07447-06D9-46FC-B496-65912690FCD4}.Debug|Any CPU.Build.0 = Debug|Any CPU
		{E5A07447-06D9-46FC-B496-65912690FCD4}.Debug|x64.ActiveCfg = Debug|Any CPU
		{E5A07447-06D9-46FC-B496-65912690FCD4}.Debug|x64.Build.0 = Debug|Any CPU
		{E5A07447-06D9-46FC-B496-65912690FCD4}.Release|Any CPU.ActiveCfg = Release|Any CPU
		{E5A07447-06D9-46FC-B496-65912690FCD4}.Release|Any CPU.Build.0 = Release|Any CPU
		{E5A07447-06D9-46FC-B496-65912690FCD4}.Release|x64.ActiveCfg = Release|Any CPU
		{E5A07447-06D9-46FC-B496-65912690FCD4}.Release|x64.Build.0 = Release|Any CPU
		{24194D2D-E485-4288-91CB-7BD1C9848E53}.Debug|Any CPU.ActiveCfg = Debug|Any CPU
		{24194D2D-E485-4288-91CB-7BD1C9848E53}.Debug|Any CPU.Build.0 = Debug|Any CPU
		{24194D2D-E485-4288-91CB-7BD1C9848E53}.Debug|x64.ActiveCfg = Debug|Any CPU
		{24194D2D-E485-4288-91CB-7BD1C9848E53}.Debug|x64.Build.0 = Debug|Any CPU
		{24194D2D-E485-4288-91CB-7BD1C9848E53}.Release|Any CPU.ActiveCfg = Release|Any CPU
		{24194D2D-E485-4288-91CB-7BD1C9848E53}.Release|Any CPU.Build.0 = Release|Any CPU
		{24194D2D-E485-4288-91CB-7BD1C9848E53}.Release|x64.ActiveCfg = Release|Any CPU
		{24194D2D-E485-4288-91CB-7BD1C9848E53}.Release|x64.Build.0 = Release|Any CPU
		{CAA70755-6A9C-492B-899A-7634FB9DA987}.Debug|Any CPU.ActiveCfg = Debug|Any CPU
		{CAA70755-6A9C-492B-899A-7634FB9DA987}.Debug|Any CPU.Build.0 = Debug|Any CPU
		{CAA70755-6A9C-492B-899A-7634FB9DA987}.Debug|x64.ActiveCfg = Debug|Any CPU
		{CAA70755-6A9C-492B-899A-7634FB9DA987}.Debug|x64.Build.0 = Debug|Any CPU
		{CAA70755-6A9C-492B-899A-7634FB9DA987}.Release|Any CPU.ActiveCfg = Release|Any CPU
		{CAA70755-6A9C-492B-899A-7634FB9DA987}.Release|Any CPU.Build.0 = Release|Any CPU
		{CAA70755-6A9C-492B-899A-7634FB9DA987}.Release|x64.ActiveCfg = Release|Any CPU
		{CAA70755-6A9C-492B-899A-7634FB9DA987}.Release|x64.Build.0 = Release|Any CPU
		{74932C07-F97D-4A4C-ABA2-55E57DA5DA9A}.Debug|Any CPU.ActiveCfg = Debug|Any CPU
		{74932C07-F97D-4A4C-ABA2-55E57DA5DA9A}.Debug|Any CPU.Build.0 = Debug|Any CPU
		{74932C07-F97D-4A4C-ABA2-55E57DA5DA9A}.Debug|x64.ActiveCfg = Debug|Any CPU
		{74932C07-F97D-4A4C-ABA2-55E57DA5DA9A}.Debug|x64.Build.0 = Debug|Any CPU
		{74932C07-F97D-4A4C-ABA2-55E57DA5DA9A}.Release|Any CPU.ActiveCfg = Release|Any CPU
		{74932C07-F97D-4A4C-ABA2-55E57DA5DA9A}.Release|Any CPU.Build.0 = Release|Any CPU
		{74932C07-F97D-4A4C-ABA2-55E57DA5DA9A}.Release|x64.ActiveCfg = Release|Any CPU
		{74932C07-F97D-4A4C-ABA2-55E57DA5DA9A}.Release|x64.Build.0 = Release|Any CPU
		{48A352D4-80B1-4905-B9E3-D587866C2DB6}.Debug|Any CPU.ActiveCfg = Debug|Any CPU
		{48A352D4-80B1-4905-B9E3-D587866C2DB6}.Debug|Any CPU.Build.0 = Debug|Any CPU
		{48A352D4-80B1-4905-B9E3-D587866C2DB6}.Debug|x64.ActiveCfg = Debug|x64
		{48A352D4-80B1-4905-B9E3-D587866C2DB6}.Debug|x64.Build.0 = Debug|x64
		{48A352D4-80B1-4905-B9E3-D587866C2DB6}.Release|Any CPU.ActiveCfg = Release|Any CPU
		{48A352D4-80B1-4905-B9E3-D587866C2DB6}.Release|Any CPU.Build.0 = Release|Any CPU
		{48A352D4-80B1-4905-B9E3-D587866C2DB6}.Release|x64.ActiveCfg = Release|x64
		{48A352D4-80B1-4905-B9E3-D587866C2DB6}.Release|x64.Build.0 = Release|x64
	EndGlobalSection
	GlobalSection(SolutionProperties) = preSolution
		HideSolutionNode = FALSE
	EndGlobalSection
	GlobalSection(ExtensibilityGlobals) = postSolution
		SolutionGuid = {D521E684-3AF2-4E29-8B22-F17C76836A50}
	EndGlobalSection
EndGlobal
